
Microsoft Visual Studio Solution File, Format Version 12.00
# Visual Studio Version 16
VisualStudioVersion = 16.0.30011.22
MinimumVisualStudioVersion = 10.0.40219.1
Project("{888888A0-9F3D-457C-B088-3A5042F75D52}") = "Modul4_Kelompok6_TugasLaporan_IndeksHargaBahanMakanan", "Modul4_Kelompok6_TugasLaporan_IndeksHargaBahanMakanan\Modul4_Kelompok6_TugasLaporan_IndeksHargaBahanMakanan.pyproj", "{045F1B56-190F-4C68-B5BF-69F089FFB940}"
EndProject
Global
	GlobalSection(SolutionConfigurationPlatforms) = preSolution
		Debug|Any CPU = Debug|Any CPU
		Release|Any CPU = Release|Any CPU
	EndGlobalSection
	GlobalSection(ProjectConfigurationPlatforms) = postSolution
		{045F1B56-190F-4C68-B5BF-69F089FFB940}.Debug|Any CPU.ActiveCfg = Debug|Any CPU
		{045F1B56-190F-4C68-B5BF-69F089FFB940}.Release|Any CPU.ActiveCfg = Release|Any CPU
	EndGlobalSection
	GlobalSection(SolutionProperties) = preSolution
		HideSolutionNode = FALSE
	EndGlobalSection
	GlobalSection(ExtensibilityGlobals) = postSolution
		SolutionGuid = {14FDC427-CB4A-47F4-B7AA-A238F8F6C1F1}
	EndGlobalSection
EndGlobal
